// !$*UTF8*$!
{
	archiveVersion = 1;
	classes = {
	};
	objectVersion = 46;
	objects = {

/* Begin PBXBuildFile section */
		A99CA4781B44D2C000CFFB9D /* AppDelegate.swift in Sources */ = {isa = PBXBuildFile; fileRef = A99CA4771B44D2C000CFFB9D /* AppDelegate.swift */; };
		A99CA47A1B44D2C000CFFB9D /* ViewController.swift in Sources */ = {isa = PBXBuildFile; fileRef = A99CA4791B44D2C000CFFB9D /* ViewController.swift */; };
		A99CA47D1B44D2C000CFFB9D /* Main.storyboard in Resources */ = {isa = PBXBuildFile; fileRef = A99CA47B1B44D2C000CFFB9D /* Main.storyboard */; };
		A99CA47F1B44D2C000CFFB9D /* Assets.xcassets in Resources */ = {isa = PBXBuildFile; fileRef = A99CA47E1B44D2C000CFFB9D /* Assets.xcassets */; };
		A99CA4821B44D2C000CFFB9D /* LaunchScreen.storyboard in Resources */ = {isa = PBXBuildFile; fileRef = A99CA4801B44D2C000CFFB9D /* LaunchScreen.storyboard */; };
		A99CA48D1B44D2C000CFFB9D /* CustomViewTests.swift in Sources */ = {isa = PBXBuildFile; fileRef = A99CA48C1B44D2C000CFFB9D /* CustomViewTests.swift */; };
		A99CA4981B44D2C000CFFB9D /* CustomViewUITests.swift in Sources */ = {isa = PBXBuildFile; fileRef = A99CA4971B44D2C000CFFB9D /* CustomViewUITests.swift */; };
		A99CA4A61B44D2E100CFFB9D /* MyViewController.swift in Sources */ = {isa = PBXBuildFile; fileRef = A99CA4A51B44D2E100CFFB9D /* MyViewController.swift */; };
		A99CA4AA1B44D2F800CFFB9D /* MyView.swift in Sources */ = {isa = PBXBuildFile; fileRef = A99CA4A71B44D2F800CFFB9D /* MyView.swift */; };
		A99CA4AB1B44D2F800CFFB9D /* MyCustomView.xib in Resources */ = {isa = PBXBuildFile; fileRef = A99CA4A81B44D2F800CFFB9D /* MyCustomView.xib */; };
		A99CA4AC1B44D2F800CFFB9D /* MyCustomView.swift in Sources */ = {isa = PBXBuildFile; fileRef = A99CA4A91B44D2F800CFFB9D /* MyCustomView.swift */; };
/* End PBXBuildFile section */

/* Begin PBXContainerItemProxy section */
		A99CA4891B44D2C000CFFB9D /* PBXContainerItemProxy */ = {
			isa = PBXContainerItemProxy;
			containerPortal = A99CA46C1B44D2C000CFFB9D /* Project object */;
			proxyType = 1;
			remoteGlobalIDString = A99CA4731B44D2C000CFFB9D;
			remoteInfo = CustomView;
		};
		A99CA4941B44D2C000CFFB9D /* PBXContainerItemProxy */ = {
			isa = PBXContainerItemProxy;
			containerPortal = A99CA46C1B44D2C000CFFB9D /* Project object */;
			proxyType = 1;
			remoteGlobalIDString = A99CA4731B44D2C000CFFB9D;
			remoteInfo = CustomView;
		};
/* End PBXContainerItemProxy section */

/* Begin PBXFileReference section */
		A99CA4741B44D2C000CFFB9D /* CustomView.app */ = {isa = PBXFileReference; explicitFileType = wrapper.application; includeInIndex = 0; path = CustomView.app; sourceTree = BUILT_PRODUCTS_DIR; };
		A99CA4771B44D2C000CFFB9D /* AppDelegate.swift */ = {isa = PBXFileReference; lastKnownFileType = sourcecode.swift; path = AppDelegate.swift; sourceTree = "<group>"; };
		A99CA4791B44D2C000CFFB9D /* ViewController.swift */ = {isa = PBXFileReference; lastKnownFileType = sourcecode.swift; path = ViewController.swift; sourceTree = "<group>"; };
		A99CA47C1B44D2C000CFFB9D /* Base */ = {isa = PBXFileReference; lastKnownFileType = file.storyboard; name = Base; path = Base.lproj/Main.storyboard; sourceTree = "<group>"; };
		A99CA47E1B44D2C000CFFB9D /* Assets.xcassets */ = {isa = PBXFileReference; lastKnownFileType = folder.assetcatalog; path = Assets.xcassets; sourceTree = "<group>"; };
		A99CA4811B44D2C000CFFB9D /* Base */ = {isa = PBXFileReference; lastKnownFileType = file.storyboard; name = Base; path = Base.lproj/LaunchScreen.storyboard; sourceTree = "<group>"; };
		A99CA4831B44D2C000CFFB9D /* Info.plist */ = {isa = PBXFileReference; lastKnownFileType = text.plist.xml; path = Info.plist; sourceTree = "<group>"; };
		A99CA4881B44D2C000CFFB9D /* CustomViewTests.xctest */ = {isa = PBXFileReference; explicitFileType = wrapper.cfbundle; includeInIndex = 0; path = CustomViewTests.xctest; sourceTree = BUILT_PRODUCTS_DIR; };
		A99CA48C1B44D2C000CFFB9D /* CustomViewTests.swift */ = {isa = PBXFileReference; lastKnownFileType = sourcecode.swift; path = CustomViewTests.swift; sourceTree = "<group>"; };
		A99CA48E1B44D2C000CFFB9D /* Info.plist */ = {isa = PBXFileReference; lastKnownFileType = text.plist.xml; path = Info.plist; sourceTree = "<group>"; };
		A99CA4931B44D2C000CFFB9D /* CustomViewUITests.xctest */ = {isa = PBXFileReference; explicitFileType = wrapper.cfbundle; includeInIndex = 0; path = CustomViewUITests.xctest; sourceTree = BUILT_PRODUCTS_DIR; };
		A99CA4971B44D2C000CFFB9D /* CustomViewUITests.swift */ = {isa = PBXFileReference; lastKnownFileType = sourcecode.swift; path = CustomViewUITests.swift; sourceTree = "<group>"; };
		A99CA4991B44D2C000CFFB9D /* Info.plist */ = {isa = PBXFileReference; lastKnownFileType = text.plist.xml; path = Info.plist; sourceTree = "<group>"; };
		A99CA4A51B44D2E100CFFB9D /* MyViewController.swift */ = {isa = PBXFileReference; fileEncoding = 4; lastKnownFileType = sourcecode.swift; path = MyViewController.swift; sourceTree = "<group>"; };
		A99CA4A71B44D2F800CFFB9D /* MyView.swift */ = {isa = PBXFileReference; fileEncoding = 4; lastKnownFileType = sourcecode.swift; path = MyView.swift; sourceTree = "<group>"; };
		A99CA4A81B44D2F800CFFB9D /* MyCustomView.xib */ = {isa = PBXFileReference; fileEncoding = 4; lastKnownFileType = file.xib; path = MyCustomView.xib; sourceTree = "<group>"; };
		A99CA4A91B44D2F800CFFB9D /* MyCustomView.swift */ = {isa = PBXFileReference; fileEncoding = 4; lastKnownFileType = sourcecode.swift; path = MyCustomView.swift; sourceTree = "<group>"; };
/* End PBXFileReference section */

/* Begin PBXFrameworksBuildPhase section */
		A99CA4711B44D2C000CFFB9D /* Frameworks */ = {
			isa = PBXFrameworksBuildPhase;
			buildActionMask = 2147483647;
			files = (
			);
			runOnlyForDeploymentPostprocessing = 0;
		};
		A99CA4851B44D2C000CFFB9D /* Frameworks */ = {
			isa = PBXFrameworksBuildPhase;
			buildActionMask = 2147483647;
			files = (
			);
			runOnlyForDeploymentPostprocessing = 0;
		};
		A99CA4901B44D2C000CFFB9D /* Frameworks */ = {
			isa = PBXFrameworksBuildPhase;
			buildActionMask = 2147483647;
			files = (
			);
			runOnlyForDeploymentPostprocessing = 0;
		};
/* End PBXFrameworksBuildPhase section */

/* Begin PBXGroup section */
		A99CA46B1B44D2C000CFFB9D = {
			isa = PBXGroup;
			children = (
				A99CA4761B44D2C000CFFB9D /* CustomView */,
				A99CA48B1B44D2C000CFFB9D /* CustomViewTests */,
				A99CA4961B44D2C000CFFB9D /* CustomViewUITests */,
				A99CA4751B44D2C000CFFB9D /* Products */,
			);
			sourceTree = "<group>";
		};
		A99CA4751B44D2C000CFFB9D /* Products */ = {
			isa = PBXGroup;
			children = (
				A99CA4741B44D2C000CFFB9D /* CustomView.app */,
				A99CA4881B44D2C000CFFB9D /* CustomViewTests.xctest */,
				A99CA4931B44D2C000CFFB9D /* CustomViewUITests.xctest */,
			);
			name = Products;
			sourceTree = "<group>";
		};
		A99CA4761B44D2C000CFFB9D /* CustomView */ = {
			isa = PBXGroup;
			children = (
				A99CA4771B44D2C000CFFB9D /* AppDelegate.swift */,
				A99CA4791B44D2C000CFFB9D /* ViewController.swift */,
				A99CA47B1B44D2C000CFFB9D /* Main.storyboard */,
				A99CA47E1B44D2C000CFFB9D /* Assets.xcassets */,
				A99CA4801B44D2C000CFFB9D /* LaunchScreen.storyboard */,
				A99CA4831B44D2C000CFFB9D /* Info.plist */,
				A99CA4A51B44D2E100CFFB9D /* MyViewController.swift */,
				A99CA4A71B44D2F800CFFB9D /* MyView.swift */,
				A99CA4A81B44D2F800CFFB9D /* MyCustomView.xib */,
				A99CA4A91B44D2F800CFFB9D /* MyCustomView.swift */,
			);
			path = CustomView;
			sourceTree = "<group>";
		};
		A99CA48B1B44D2C000CFFB9D /* CustomViewTests */ = {
			isa = PBXGroup;
			children = (
				A99CA48C1B44D2C000CFFB9D /* CustomViewTests.swift */,
				A99CA48E1B44D2C000CFFB9D /* Info.plist */,
			);
			path = CustomViewTests;
			sourceTree = "<group>";
		};
		A99CA4961B44D2C000CFFB9D /* CustomViewUITests */ = {
			isa = PBXGroup;
			children = (
				A99CA4971B44D2C000CFFB9D /* CustomViewUITests.swift */,
				A99CA4991B44D2C000CFFB9D /* Info.plist */,
			);
			path = CustomViewUITests;
			sourceTree = "<group>";
		};
/* End PBXGroup section */

/* Begin PBXNativeTarget section */
		A99CA4731B44D2C000CFFB9D /* CustomView */ = {
			isa = PBXNativeTarget;
			buildConfigurationList = A99CA49C1B44D2C000CFFB9D /* Build configuration list for PBXNativeTarget "CustomView" */;
			buildPhases = (
				A99CA4701B44D2C000CFFB9D /* Sources */,
				A99CA4711B44D2C000CFFB9D /* Frameworks */,
				A99CA4721B44D2C000CFFB9D /* Resources */,
			);
			buildRules = (
			);
			dependencies = (
			);
			name = CustomView;
			productName = CustomView;
			productReference = A99CA4741B44D2C000CFFB9D /* CustomView.app */;
			productType = "com.apple.product-type.application";
		};
		A99CA4871B44D2C000CFFB9D /* CustomViewTests */ = {
			isa = PBXNativeTarget;
			buildConfigurationList = A99CA49F1B44D2C000CFFB9D /* Build configuration list for PBXNativeTarget "CustomViewTests" */;
			buildPhases = (
				A99CA4841B44D2C000CFFB9D /* Sources */,
				A99CA4851B44D2C000CFFB9D /* Frameworks */,
				A99CA4861B44D2C000CFFB9D /* Resources */,
			);
			buildRules = (
			);
			dependencies = (
				A99CA48A1B44D2C000CFFB9D /* PBXTargetDependency */,
			);
			name = CustomViewTests;
			productName = CustomViewTests;
			productReference = A99CA4881B44D2C000CFFB9D /* CustomViewTests.xctest */;
			productType = "com.apple.product-type.bundle.unit-test";
		};
		A99CA4921B44D2C000CFFB9D /* CustomViewUITests */ = {
			isa = PBXNativeTarget;
			buildConfigurationList = A99CA4A21B44D2C000CFFB9D /* Build configuration list for PBXNativeTarget "CustomViewUITests" */;
			buildPhases = (
				A99CA48F1B44D2C000CFFB9D /* Sources */,
				A99CA4901B44D2C000CFFB9D /* Frameworks */,
				A99CA4911B44D2C000CFFB9D /* Resources */,
			);
			buildRules = (
			);
			dependencies = (
				A99CA4951B44D2C000CFFB9D /* PBXTargetDependency */,
			);
			name = CustomViewUITests;
			productName = CustomViewUITests;
			productReference = A99CA4931B44D2C000CFFB9D /* CustomViewUITests.xctest */;
			productType = "com.apple.product-type.bundle.ui-testing";
		};
/* End PBXNativeTarget section */

/* Begin PBXProject section */
		A99CA46C1B44D2C000CFFB9D /* Project object */ = {
			isa = PBXProject;
			attributes = {
				LastUpgradeCheck = 0700;
				ORGANIZATIONNAME = dictav;
				TargetAttributes = {
					A99CA4731B44D2C000CFFB9D = {
						CreatedOnToolsVersion = 7.0;
					};
					A99CA4871B44D2C000CFFB9D = {
						CreatedOnToolsVersion = 7.0;
						TestTargetID = A99CA4731B44D2C000CFFB9D;
					};
					A99CA4921B44D2C000CFFB9D = {
						CreatedOnToolsVersion = 7.0;
						TestTargetID = A99CA4731B44D2C000CFFB9D;
					};
				};
			};
			buildConfigurationList = A99CA46F1B44D2C000CFFB9D /* Build configuration list for PBXProject "CustomView" */;
			compatibilityVersion = "Xcode 3.2";
			developmentRegion = English;
			hasScannedForEncodings = 0;
			knownRegions = (
				en,
				Base,
			);
			mainGroup = A99CA46B1B44D2C000CFFB9D;
			productRefGroup = A99CA4751B44D2C000CFFB9D /* Products */;
			projectDirPath = "";
			projectRoot = "";
			targets = (
				A99CA4731B44D2C000CFFB9D /* CustomView */,
				A99CA4871B44D2C000CFFB9D /* CustomViewTests */,
				A99CA4921B44D2C000CFFB9D /* CustomViewUITests */,
			);
		};
/* End PBXProject section */

/* Begin PBXResourcesBuildPhase section */
		A99CA4721B44D2C000CFFB9D /* Resources */ = {
			isa = PBXResourcesBuildPhase;
			buildActionMask = 2147483647;
			files = (
				A99CA4821B44D2C000CFFB9D /* LaunchScreen.storyboard in Resources */,
				A99CA4AB1B44D2F800CFFB9D /* MyCustomView.xib in Resources */,
				A99CA47F1B44D2C000CFFB9D /* Assets.xcassets in Resources */,
				A99CA47D1B44D2C000CFFB9D /* Main.storyboard in Resources */,
			);
			runOnlyForDeploymentPostprocessing = 0;
		};
		A99CA4861B44D2C000CFFB9D /* Resources */ = {
			isa = PBXResourcesBuildPhase;
			buildActionMask = 2147483647;
			files = (
			);
			runOnlyForDeploymentPostprocessing = 0;
		};
		A99CA4911B44D2C000CFFB9D /* Resources */ = {
			isa = PBXResourcesBuildPhase;
			buildActionMask = 2147483647;
			files = (
			);
			runOnlyForDeploymentPostprocessing = 0;
		};
/* End PBXResourcesBuildPhase section */

/* Begin PBXSourcesBuildPhase section */
		A99CA4701B44D2C000CFFB9D /* Sources */ = {
			isa = PBXSourcesBuildPhase;
			buildActionMask = 2147483647;
			files = (
				A99CA4AA1B44D2F800CFFB9D /* MyView.swift in Sources */,
				A99CA47A1B44D2C000CFFB9D /* ViewController.swift in Sources */,
				A99CA4AC1B44D2F800CFFB9D /* MyCustomView.swift in Sources */,
				A99CA4A61B44D2E100CFFB9D /* MyViewController.swift in Sources */,
				A99CA4781B44D2C000CFFB9D /* AppDelegate.swift in Sources */,
			);
			runOnlyForDeploymentPostprocessing = 0;
		};
		A99CA4841B44D2C000CFFB9D /* Sources */ = {
			isa = PBXSourcesBuildPhase;
			buildActionMask = 2147483647;
			files = (
				A99CA48D1B44D2C000CFFB9D /* CustomViewTests.swift in Sources */,
			);
			runOnlyForDeploymentPostprocessing = 0;
		};
		A99CA48F1B44D2C000CFFB9D /* Sources */ = {
			isa = PBXSourcesBuildPhase;
			buildActionMask = 2147483647;
			files = (
				A99CA4981B44D2C000CFFB9D /* CustomViewUITests.swift in Sources */,
			);
			runOnlyForDeploymentPostprocessing = 0;
		};
/* End PBXSourcesBuildPhase section */

/* Begin PBXTargetDependency section */
		A99CA48A1B44D2C000CFFB9D /* PBXTargetDependency */ = {
			isa = PBXTargetDependency;
			target = A99CA4731B44D2C000CFFB9D /* CustomView */;
			targetProxy = A99CA4891B44D2C000CFFB9D /* PBXContainerItemProxy */;
		};
		A99CA4951B44D2C000CFFB9D /* PBXTargetDependency */ = {
			isa = PBXTargetDependency;
			target = A99CA4731B44D2C000CFFB9D /* CustomView */;
			targetProxy = A99CA4941B44D2C000CFFB9D /* PBXContainerItemProxy */;
		};
/* End PBXTargetDependency section */

/* Begin PBXVariantGroup section */
		A99CA47B1B44D2C000CFFB9D /* Main.storyboard */ = {
			isa = PBXVariantGroup;
			children = (
				A99CA47C1B44D2C000CFFB9D /* Base */,
			);
			name = Main.storyboard;
			sourceTree = "<group>";
		};
		A99CA4801B44D2C000CFFB9D /* LaunchScreen.storyboard */ = {
			isa = PBXVariantGroup;
			children = (
				A99CA4811B44D2C000CFFB9D /* Base */,
			);
			name = LaunchScreen.storyboard;
			sourceTree = "<group>";
		};
/* End PBXVariantGroup section */

/* Begin XCBuildConfiguration section */
		A99CA49A1B44D2C000CFFB9D /* Debug */ = {
			isa = XCBuildConfiguration;
			buildSettings = {
				ALWAYS_SEARCH_USER_PATHS = NO;
				CLANG_CXX_LANGUAGE_STANDARD = "gnu++0x";
				CLANG_CXX_LIBRARY = "libc++";
				CLANG_ENABLE_MODULES = YES;
				CLANG_ENABLE_OBJC_ARC = YES;
				CLANG_WARN_BOOL_CONVERSION = YES;
				CLANG_WARN_CONSTANT_CONVERSION = YES;
				CLANG_WARN_DIRECT_OBJC_ISA_USAGE = YES_ERROR;
				CLANG_WARN_EMPTY_BODY = YES;
				CLANG_WARN_ENUM_CONVERSION = YES;
				CLANG_WARN_INT_CONVERSION = YES;
				CLANG_WARN_OBJC_ROOT_CLASS = YES_ERROR;
				CLANG_WARN_UNREACHABLE_CODE = YES;
				CLANG_WARN__DUPLICATE_METHOD_MATCH = YES;
				"CODE_SIGN_IDENTITY[sdk=iphoneos*]" = "iPhone Developer";
				COPY_PHASE_STRIP = NO;
				DEBUG_INFORMATION_FORMAT = dwarf;
				ENABLE_STRICT_OBJC_MSGSEND = YES;
				ENABLE_TESTABILITY = YES;
				GCC_C_LANGUAGE_STANDARD = gnu99;
				GCC_DYNAMIC_NO_PIC = NO;
				GCC_NO_COMMON_BLOCKS = YES;
				GCC_OPTIMIZATION_LEVEL = 0;
				GCC_PREPROCESSOR_DEFINITIONS = (
					"DEBUG=1",
					"$(inherited)",
				);
				GCC_WARN_64_TO_32_BIT_CONVERSION = YES;
				GCC_WARN_ABOUT_RETURN_TYPE = YES_ERROR;
				GCC_WARN_UNDECLARED_SELECTOR = YES;
				GCC_WARN_UNINITIALIZED_AUTOS = YES_AGGRESSIVE;
				GCC_WARN_UNUSED_FUNCTION = YES;
				GCC_WARN_UNUSED_VARIABLE = YES;
				IPHONEOS_DEPLOYMENT_TARGET = 9.0;
				MTL_ENABLE_DEBUG_INFO = YES;
				ONLY_ACTIVE_ARCH = YES;
				SDKROOT = iphoneos;
				SWIFT_OPTIMIZATION_LEVEL = "-Onone";
				TARGETED_DEVICE_FAMILY = "1,2";
			};
			name = Debug;
		};
		A99CA49B1B44D2C000CFFB9D /* Release */ = {
			isa = XCBuildConfiguration;
			buildSettings = {
				ALWAYS_SEARCH_USER_PATHS = NO;
				CLANG_CXX_LANGUAGE_STANDARD = "gnu++0x";
				CLANG_CXX_LIBRARY = "libc++";
				CLANG_ENABLE_MODULES = YES;
				CLANG_ENABLE_OBJC_ARC = YES;
				CLANG_WARN_BOOL_CONVERSION = YES;
				CLANG_WARN_CONSTANT_CONVERSION = YES;
				CLANG_WARN_DIRECT_OBJC_ISA_USAGE = YES_ERROR;
				CLANG_WARN_EMPTY_BODY = YES;
				CLANG_WARN_ENUM_CONVERSION = YES;
				CLANG_WARN_INT_CONVERSION = YES;
				CLANG_WARN_OBJC_ROOT_CLASS = YES_ERROR;
				CLANG_WARN_UNREACHABLE_CODE = YES;
				CLANG_WARN__DUPLICATE_METHOD_MATCH = YES;
				"CODE_SIGN_IDENTITY[sdk=iphoneos*]" = "iPhone Developer";
				COPY_PHASE_STRIP = NO;
				DEBUG_INFORMATION_FORMAT = "dwarf-with-dsym";
				ENABLE_NS_ASSERTIONS = NO;
				ENABLE_STRICT_OBJC_MSGSEND = YES;
				GCC_C_LANGUAGE_STANDARD = gnu99;
				GCC_NO_COMMON_BLOCKS = YES;
				GCC_WARN_64_TO_32_BIT_CONVERSION = YES;
				GCC_WARN_ABOUT_RETURN_TYPE = YES_ERROR;
				GCC_WARN_UNDECLARED_SELECTOR = YES;
				GCC_WARN_UNINITIALIZED_AUTOS = YES_AGGRESSIVE;
				GCC_WARN_UNUSED_FUNCTION = YES;
				GCC_WARN_UNUSED_VARIABLE = YES;
				IPHONEOS_DEPLOYMENT_TARGET = 9.0;
				MTL_ENABLE_DEBUG_INFO = NO;
				SDKROOT = iphoneos;
				TARGETED_DEVICE_FAMILY = "1,2";
				VALIDATE_PRODUCT = YES;
			};
			name = Release;
		};
		A99CA49D1B44D2C000CFFB9D /* Debug */ = {
			isa = XCBuildConfiguration;
			buildSettings = {
				ASSETCATALOG_COMPILER_APPICON_NAME = AppIcon;
				INFOPLIST_FILE = CustomView/Info.plist;
				LD_RUNPATH_SEARCH_PATHS = "$(inherited) @executable_path/Frameworks";
				PRODUCT_BUNDLE_IDENTIFIER = com.dictav.CustomView;
				PRODUCT_NAME = "$(TARGET_NAME)";
			};
			name = Debug;
		};
		A99CA49E1B44D2C000CFFB9D /* Release */ = {
			isa = XCBuildConfiguration;
			buildSettings = {
				ASSETCATALOG_COMPILER_APPICON_NAME = AppIcon;
				INFOPLIST_FILE = CustomView/Info.plist;
				LD_RUNPATH_SEARCH_PATHS = "$(inherited) @executable_path/Frameworks";
				PRODUCT_BUNDLE_IDENTIFIER = com.dictav.CustomView;
				PRODUCT_NAME = "$(TARGET_NAME)";
			};
			name = Release;
		};
		A99CA4A01B44D2C000CFFB9D /* Debug */ = {
			isa = XCBuildConfiguration;
			buildSettings = {
				BUNDLE_LOADER = "$(TEST_HOST)";
				INFOPLIST_FILE = CustomViewTests/Info.plist;
				LD_RUNPATH_SEARCH_PATHS = "$(inherited) @executable_path/Frameworks @loader_path/Frameworks";
				PRODUCT_BUNDLE_IDENTIFIER = com.dictav.CustomViewTests;
				PRODUCT_NAME = "$(TARGET_NAME)";
				TEST_HOST = "$(BUILT_PRODUCTS_DIR)/CustomView.app/CustomView";
			};
			name = Debug;
		};
		A99CA4A11B44D2C000CFFB9D /* Release */ = {
			isa = XCBuildConfiguration;
			buildSettings = {
				BUNDLE_LOADER = "$(TEST_HOST)";
				INFOPLIST_FILE = CustomViewTests/Info.plist;
				LD_RUNPATH_SEARCH_PATHS = "$(inherited) @executable_path/Frameworks @loader_path/Frameworks";
				PRODUCT_BUNDLE_IDENTIFIER = com.dictav.CustomViewTests;
				PRODUCT_NAME = "$(TARGET_NAME)";
				TEST_HOST = "$(BUILT_PRODUCTS_DIR)/CustomView.app/CustomView";
			};
			name = Release;
		};
		A99CA4A31B44D2C000CFFB9D /* Debug */ = {
			isa = XCBuildConfiguration;
			buildSettings = {
				INFOPLIST_FILE = CustomViewUITests/Info.plist;
				LD_RUNPATH_SEARCH_PATHS = "$(inherited) @executable_path/Frameworks @loader_path/Frameworks";
				PRODUCT_BUNDLE_IDENTIFIER = com.dictav.CustomViewUITests;
				PRODUCT_NAME = "$(TARGET_NAME)";
				TEST_TARGET_NAME = CustomView;
				USES_XCTRUNNER = YES;
			};
			name = Debug;
		};
		A99CA4A41B44D2C000CFFB9D /* Release */ = {
			isa = XCBuildConfiguration;
			buildSettings = {
				INFOPLIST_FILE = CustomViewUITests/Info.plist;
				LD_RUNPATH_SEARCH_PATHS = "$(inherited) @executable_path/Frameworks @loader_path/Frameworks";
				PRODUCT_BUNDLE_IDENTIFIER = com.dictav.CustomViewUITests;
				PRODUCT_NAME = "$(TARGET_NAME)";
				TEST_TARGET_NAME = CustomView;
				USES_XCTRUNNER = YES;
			};
			name = Release;
		};
/* End XCBuildConfiguration section */

/* Begin XCConfigurationList section */
		A99CA46F1B44D2C000CFFB9D /* Build configuration list for PBXProject "CustomView" */ = {
			isa = XCConfigurationList;
			buildConfigurations = (
				A99CA49A1B44D2C000CFFB9D /* Debug */,
				A99CA49B1B44D2C000CFFB9D /* Release */,
			);
			defaultConfigurationIsVisible = 0;
			defaultConfigurationName = Release;
		};
		A99CA49C1B44D2C000CFFB9D /* Build configuration list for PBXNativeTarget "CustomView" */ = {
			isa = XCConfigurationList;
			buildConfigurations = (
				A99CA49D1B44D2C000CFFB9D /* Debug */,
				A99CA49E1B44D2C000CFFB9D /* Release */,
			);
			defaultConfigurationIsVisible = 0;
		};
		A99CA49F1B44D2C000CFFB9D /* Build configuration list for PBXNativeTarget "CustomViewTests" */ = {
			isa = XCConfigurationList;
			buildConfigurations = (
				A99CA4A01B44D2C000CFFB9D /* Debug */,
				A99CA4A11B44D2C000CFFB9D /* Release */,
			);
			defaultConfigurationIsVisible = 0;
		};
		A99CA4A21B44D2C000CFFB9D /* Build configuration list for PBXNativeTarget "CustomViewUITests" */ = {
			isa = XCConfigurationList;
			buildConfigurations = (
				A99CA4A31B44D2C000CFFB9D /* Debug */,
				A99CA4A41B44D2C000CFFB9D /* Release */,
			);
			defaultConfigurationIsVisible = 0;
		};
/* End XCConfigurationList section */
	};
	rootObject = A99CA46C1B44D2C000CFFB9D /* Project object */;
}
